
Microsoft Visual Studio Solution File, Format Version 12.00
# Visual Studio Version 16
VisualStudioVersion = 16.0.30011.22
MinimumVisualStudioVersion = 10.0.40219.1
Project("{FAE04EC0-301F-11D3-BF4B-00C04F79EFBC}") = "TestESCPS.UWP", "TestESCPS\TestESCPS.UWP\TestESCPS.UWP.csproj", "{45715A9D-EC49-4D7E-85EB-5B3ED645358C}"
EndProject
Project("{FAE04EC0-301F-11D3-BF4B-00C04F79EFBC}") = "TestESCPS.Android", "TestESCPS\TestESCPS.Android\TestESCPS.Android.csproj", "{0693C0A3-7EB6-4644-BFF1-B9F566CA91EA}"
EndProject
Project("{FAE04EC0-301F-11D3-BF4B-00C04F79EFBC}") = "TestESCPS.iOS", "TestESCPS\TestESCPS.iOS\TestESCPS.iOS.csproj", "{14D14ECC-0A28-40B1-86C9-0A3A7D6C31CD}"
EndProject
Project("{FAE04EC0-301F-11D3-BF4B-00C04F79EFBC}") = "TestESCPS", "TestESCPS\TestESCPS\TestESCPS.csproj", "{1A63E2AE-3332-45EC-8043-61E7EE2BDC0B}"
EndProject
Global
	GlobalSection(SolutionConfigurationPlatforms) = preSolution
		Debug|Any CPU = Debug|Any CPU
		Debug|ARM = Debug|ARM
		Debug|iPhone = Debug|iPhone
		Debug|iPhoneSimulator = Debug|iPhoneSimulator
		Debug|x64 = Debug|x64
		Debug|x86 = Debug|x86
		Release|Any CPU = Release|Any CPU
		Release|ARM = Release|ARM
		Release|iPhone = Release|iPhone
		Release|iPhoneSimulator = Release|iPhoneSimulator
		Release|x64 = Release|x64
		Release|x86 = Release|x86
	EndGlobalSection
	GlobalSection(ProjectConfigurationPlatforms) = postSolution
		{45715A9D-EC49-4D7E-85EB-5B3ED645358C}.Debug|Any CPU.ActiveCfg = Debug|x86
		{45715A9D-EC49-4D7E-85EB-5B3ED645358C}.Debug|Any CPU.Build.0 = Debug|x86
		{45715A9D-EC49-4D7E-85EB-5B3ED645358C}.Debug|Any CPU.Deploy.0 = Debug|x86
		{45715A9D-EC49-4D7E-85EB-5B3ED645358C}.Debug|ARM.ActiveCfg = Debug|ARM
		{45715A9D-EC49-4D7E-85EB-5B3ED645358C}.Debug|ARM.Build.0 = Debug|ARM
		{45715A9D-EC49-4D7E-85EB-5B3ED645358C}.Debug|ARM.Deploy.0 = Debug|ARM
		{45715A9D-EC49-4D7E-85EB-5B3ED645358C}.Debug|iPhone.ActiveCfg = Debug|x86
		{45715A9D-EC49-4D7E-85EB-5B3ED645358C}.Debug|iPhone.Build.0 = Debug|x86
		{45715A9D-EC49-4D7E-85EB-5B3ED645358C}.Debug|iPhone.Deploy.0 = Debug|x86
		{45715A9D-EC49-4D7E-85EB-5B3ED645358C}.Debug|iPhoneSimulator.ActiveCfg = Debug|x86
		{45715A9D-EC49-4D7E-85EB-5B3ED645358C}.Debug|iPhoneSimulator.Build.0 = Debug|x86
		{45715A9D-EC49-4D7E-85EB-5B3ED645358C}.Debug|iPhoneSimulator.Deploy.0 = Debug|x86
		{45715A9D-EC49-4D7E-85EB-5B3ED645358C}.Debug|x64.ActiveCfg = Debug|x64
		{45715A9D-EC49-4D7E-85EB-5B3ED645358C}.Debug|x64.Build.0 = Debug|x64
		{45715A9D-EC49-4D7E-85EB-5B3ED645358C}.Debug|x64.Deploy.0 = Debug|x64
		{45715A9D-EC49-4D7E-85EB-5B3ED645358C}.Debug|x86.ActiveCfg = Debug|x86
		{45715A9D-EC49-4D7E-85EB-5B3ED645358C}.Debug|x86.Build.0 = Debug|x86
		{45715A9D-EC49-4D7E-85EB-5B3ED645358C}.Debug|x86.Deploy.0 = Debug|x86
		{45715A9D-EC49-4D7E-85EB-5B3ED645358C}.Release|Any CPU.ActiveCfg = Release|x86
		{45715A9D-EC49-4D7E-85EB-5B3ED645358C}.Release|Any CPU.Build.0 = Release|x86
		{45715A9D-EC49-4D7E-85EB-5B3ED645358C}.Release|Any CPU.Deploy.0 = Release|x86
		{45715A9D-EC49-4D7E-85EB-5B3ED645358C}.Release|ARM.ActiveCfg = Release|ARM
		{45715A9D-EC49-4D7E-85EB-5B3ED645358C}.Release|ARM.Build.0 = Release|ARM
		{45715A9D-EC49-4D7E-85EB-5B3ED645358C}.Release|ARM.Deploy.0 = Release|ARM
		{45715A9D-EC49-4D7E-85EB-5B3ED645358C}.Release|iPhone.ActiveCfg = Release|x86
		{45715A9D-EC49-4D7E-85EB-5B3ED645358C}.Release|iPhone.Build.0 = Release|x86
		{45715A9D-EC49-4D7E-85EB-5B3ED645358C}.Release|iPhone.Deploy.0 = Release|x86
		{45715A9D-EC49-4D7E-85EB-5B3ED645358C}.Release|iPhoneSimulator.ActiveCfg = Release|x86
		{45715A9D-EC49-4D7E-85EB-5B3ED645358C}.Release|iPhoneSimulator.Build.0 = Release|x86
		{45715A9D-EC49-4D7E-85EB-5B3ED645358C}.Release|iPhoneSimulator.Deploy.0 = Release|x86
		{45715A9D-EC49-4D7E-85EB-5B3ED645358C}.Release|x64.ActiveCfg = Release|x64
		{45715A9D-EC49-4D7E-85EB-5B3ED645358C}.Release|x64.Build.0 = Release|x64
		{45715A9D-EC49-4D7E-85EB-5B3ED645358C}.Release|x64.Deploy.0 = Release|x64
		{45715A9D-EC49-4D7E-85EB-5B3ED645358C}.Release|x86.ActiveCfg = Release|x86
		{45715A9D-EC49-4D7E-85EB-5B3ED645358C}.Release|x86.Build.0 = Release|x86
		{45715A9D-EC49-4D7E-85EB-5B3ED645358C}.Release|x86.Deploy.0 = Release|x86
		{0693C0A3-7EB6-4644-BFF1-B9F566CA91EA}.Debug|Any CPU.ActiveCfg = Debug|Any CPU
		{0693C0A3-7EB6-4644-BFF1-B9F566CA91EA}.Debug|Any CPU.Build.0 = Debug|Any CPU
		{0693C0A3-7EB6-4644-BFF1-B9F566CA91EA}.Debug|Any CPU.Deploy.0 = Debug|Any CPU
		{0693C0A3-7EB6-4644-BFF1-B9F566CA91EA}.Debug|ARM.ActiveCfg = Debug|Any CPU
		{0693C0A3-7EB6-4644-BFF1-B9F566CA91EA}.Debug|ARM.Build.0 = Debug|Any CPU
		{0693C0A3-7EB6-4644-BFF1-B9F566CA91EA}.Debug|ARM.Deploy.0 = Debug|Any CPU
		{0693C0A3-7EB6-4644-BFF1-B9F566CA91EA}.Debug|iPhone.ActiveCfg = Debug|Any CPU
		{0693C0A3-7EB6-4644-BFF1-B9F566CA91EA}.Debug|iPhone.Build.0 = Debug|Any CPU
		{0693C0A3-7EB6-4644-BFF1-B9F566CA91EA}.Debug|iPhone.Deploy.0 = Debug|Any CPU
		{0693C0A3-7EB6-4644-BFF1-B9F566CA91EA}.Debug|iPhoneSimulator.ActiveCfg = Debug|Any CPU
		{0693C0A3-7EB6-4644-BFF1-B9F566CA91EA}.Debug|iPhoneSimulator.Build.0 = Debug|Any CPU
		{0693C0A3-7EB6-4644-BFF1-B9F566CA91EA}.Debug|iPhoneSimulator.Deploy.0 = Debug|Any CPU
		{0693C0A3-7EB6-4644-BFF1-B9F566CA91EA}.Debug|x64.ActiveCfg = Debug|Any CPU
		{0693C0A3-7EB6-4644-BFF1-B9F566CA91EA}.Debug|x64.Build.0 = Debug|Any CPU
		{0693C0A3-7EB6-4644-BFF1-B9F566CA91EA}.Debug|x64.Deploy.0 = Debug|Any CPU
		{0693C0A3-7EB6-4644-BFF1-B9F566CA91EA}.Debug|x86.ActiveCfg = Debug|Any CPU
		{0693C0A3-7EB6-4644-BFF1-B9F566CA91EA}.Debug|x86.Build.0 = Debug|Any CPU
		{0693C0A3-7EB6-4644-BFF1-B9F566CA91EA}.Debug|x86.Deploy.0 = Debug|Any CPU
		{0693C0A3-7EB6-4644-BFF1-B9F566CA91EA}.Release|Any CPU.ActiveCfg = Release|Any CPU
		{0693C0A3-7EB6-4644-BFF1-B9F566CA91EA}.Release|Any CPU.Build.0 = Release|Any CPU
		{0693C0A3-7EB6-4644-BFF1-B9F566CA91EA}.Release|Any CPU.Deploy.0 = Release|Any CPU
		{0693C0A3-7EB6-4644-BFF1-B9F566CA91EA}.Release|ARM.ActiveCfg = Release|Any CPU
		{0693C0A3-7EB6-4644-BFF1-B9F566CA91EA}.Release|ARM.Build.0 = Release|Any CPU
		{0693C0A3-7EB6-4644-BFF1-B9F566CA91EA}.Release|ARM.Deploy.0 = Release|Any CPU
		{0693C0A3-7EB6-4644-BFF1-B9F566CA91EA}.Release|iPhone.ActiveCfg = Release|Any CPU
		{0693C0A3-7EB6-4644-BFF1-B9F566CA91EA}.Release|iPhone.Build.0 = Release|Any CPU
		{0693C0A3-7EB6-4644-BFF1-B9F566CA91EA}.Release|iPhone.Deploy.0 = Release|Any CPU
		{0693C0A3-7EB6-4644-BFF1-B9F566CA91EA}.Release|iPhoneSimulator.ActiveCfg = Release|Any CPU
		{0693C0A3-7EB6-4644-BFF1-B9F566CA91EA}.Release|iPhoneSimulator.Build.0 = Release|Any CPU
		{0693C0A3-7EB6-4644-BFF1-B9F566CA91EA}.Release|iPhoneSimulator.Deploy.0 = Release|Any CPU
		{0693C0A3-7EB6-4644-BFF1-B9F566CA91EA}.Release|x64.ActiveCfg = Release|Any CPU
		{0693C0A3-7EB6-4644-BFF1-B9F566CA91EA}.Release|x64.Build.0 = Release|Any CPU
		{0693C0A3-7EB6-4644-BFF1-B9F566CA91EA}.Release|x64.Deploy.0 = Release|Any CPU
		{0693C0A3-7EB6-4644-BFF1-B9F566CA91EA}.Release|x86.ActiveCfg = Release|Any CPU
		{0693C0A3-7EB6-4644-BFF1-B9F566CA91EA}.Release|x86.Build.0 = Release|Any CPU
		{0693C0A3-7EB6-4644-BFF1-B9F566CA91EA}.Release|x86.Deploy.0 = Release|Any CPU
		{14D14ECC-0A28-40B1-86C9-0A3A7D6C31CD}.Debug|Any CPU.ActiveCfg = Debug|iPhone
		{14D14ECC-0A28-40B1-86C9-0A3A7D6C31CD}.Debug|Any CPU.Build.0 = Debug|iPhone
		{14D14ECC-0A28-40B1-86C9-0A3A7D6C31CD}.Debug|Any CPU.Deploy.0 = Debug|iPhone
		{14D14ECC-0A28-40B1-86C9-0A3A7D6C31CD}.Debug|ARM.ActiveCfg = Debug|iPhone
		{14D14ECC-0A28-40B1-86C9-0A3A7D6C31CD}.Debug|ARM.Build.0 = Debug|iPhone
		{14D14ECC-0A28-40B1-86C9-0A3A7D6C31CD}.Debug|ARM.Deploy.0 = Debug|iPhone
		{14D14ECC-0A28-40B1-86C9-0A3A7D6C31CD}.Debug|iPhone.ActiveCfg = Debug|iPhone
		{14D14ECC-0A28-40B1-86C9-0A3A7D6C31CD}.Debug|iPhone.Build.0 = Debug|iPhone
		{14D14ECC-0A28-40B1-86C9-0A3A7D6C31CD}.Debug|iPhone.Deploy.0 = Debug|iPhone
		{14D14ECC-0A28-40B1-86C9-0A3A7D6C31CD}.Debug|iPhoneSimulator.ActiveCfg = Debug|iPhoneSimulator
		{14D14ECC-0A28-40B1-86C9-0A3A7D6C31CD}.Debug|iPhoneSimulator.Build.0 = Debug|iPhoneSimulator
		{14D14ECC-0A28-40B1-86C9-0A3A7D6C31CD}.Debug|iPhoneSimulator.Deploy.0 = Debug|iPhoneSimulator
		{14D14ECC-0A28-40B1-86C9-0A3A7D6C31CD}.Debug|x64.ActiveCfg = Debug|iPhone
		{14D14ECC-0A28-40B1-86C9-0A3A7D6C31CD}.Debug|x64.Build.0 = Debug|iPhone
		{14D14ECC-0A28-40B1-86C9-0A3A7D6C31CD}.Debug|x64.Deploy.0 = Debug|iPhone
		{14D14ECC-0A28-40B1-86C9-0A3A7D6C31CD}.Debug|x86.ActiveCfg = Debug|iPhone
		{14D14ECC-0A28-40B1-86C9-0A3A7D6C31CD}.Debug|x86.Build.0 = Debug|iPhone
		{14D14ECC-0A28-40B1-86C9-0A3A7D6C31CD}.Debug|x86.Deploy.0 = Debug|iPhone
		{14D14ECC-0A28-40B1-86C9-0A3A7D6C31CD}.Release|Any CPU.ActiveCfg = Release|iPhone
		{14D14ECC-0A28-40B1-86C9-0A3A7D6C31CD}.Release|Any CPU.Build.0 = Release|iPhone
		{14D14ECC-0A28-40B1-86C9-0A3A7D6C31CD}.Release|Any CPU.Deploy.0 = Release|iPhone
		{14D14ECC-0A28-40B1-86C9-0A3A7D6C31CD}.Release|ARM.ActiveCfg = Release|iPhone
		{14D14ECC-0A28-40B1-86C9-0A3A7D6C31CD}.Release|ARM.Build.0 = Release|iPhone
		{14D14ECC-0A28-40B1-86C9-0A3A7D6C31CD}.Release|ARM.Deploy.0 = Release|iPhone
		{14D14ECC-0A28-40B1-86C9-0A3A7D6C31CD}.Release|iPhone.ActiveCfg = Release|iPhone
		{14D14ECC-0A28-40B1-86C9-0A3A7D6C31CD}.Release|iPhone.Build.0 = Release|iPhone
		{14D14ECC-0A28-40B1-86C9-0A3A7D6C31CD}.Release|iPhone.Deploy.0 = Release|iPhone
		{14D14ECC-0A28-40B1-86C9-0A3A7D6C31CD}.Release|iPhoneSimulator.ActiveCfg = Release|iPhoneSimulator
		{14D14ECC-0A28-40B1-86C9-0A3A7D6C31CD}.Release|iPhoneSimulator.Build.0 = Release|iPhoneSimulator
		{14D14ECC-0A28-40B1-86C9-0A3A7D6C31CD}.Release|iPhoneSimulator.Deploy.0 = Release|iPhoneSimulator
		{14D14ECC-0A28-40B1-86C9-0A3A7D6C31CD}.Release|x64.ActiveCfg = Release|iPhone
		{14D14ECC-0A28-40B1-86C9-0A3A7D6C31CD}.Release|x64.Build.0 = Release|iPhone
		{14D14ECC-0A28-40B1-86C9-0A3A7D6C31CD}.Release|x64.Deploy.0 = Release|iPhone
		{14D14ECC-0A28-40B1-86C9-0A3A7D6C31CD}.Release|x86.ActiveCfg = Release|iPhone
		{14D14ECC-0A28-40B1-86C9-0A3A7D6C31CD}.Release|x86.Build.0 = Release|iPhone
		{14D14ECC-0A28-40B1-86C9-0A3A7D6C31CD}.Release|x86.Deploy.0 = Release|iPhone
		{1A63E2AE-3332-45EC-8043-61E7EE2BDC0B}.Debug|Any CPU.ActiveCfg = Debug|Any CPU
		{1A63E2AE-3332-45EC-8043-61E7EE2BDC0B}.Debug|Any CPU.Build.0 = Debug|Any CPU
		{1A63E2AE-3332-45EC-8043-61E7EE2BDC0B}.Debug|Any CPU.Deploy.0 = Debug|Any CPU
		{1A63E2AE-3332-45EC-8043-61E7EE2BDC0B}.Debug|ARM.ActiveCfg = Debug|Any CPU
		{1A63E2AE-3332-45EC-8043-61E7EE2BDC0B}.Debug|ARM.Build.0 = Debug|Any CPU
		{1A63E2AE-3332-45EC-8043-61E7EE2BDC0B}.Debug|ARM.Deploy.0 = Debug|Any CPU
		{1A63E2AE-3332-45EC-8043-61E7EE2BDC0B}.Debug|iPhone.ActiveCfg = Debug|Any CPU
		{1A63E2AE-3332-45EC-8043-61E7EE2BDC0B}.Debug|iPhone.Build.0 = Debug|Any CPU
		{1A63E2AE-3332-45EC-8043-61E7EE2BDC0B}.Debug|iPhone.Deploy.0 = Debug|Any CPU
		{1A63E2AE-3332-45EC-8043-61E7EE2BDC0B}.Debug|iPhoneSimulator.ActiveCfg = Debug|Any CPU
		{1A63E2AE-3332-45EC-8043-61E7EE2BDC0B}.Debug|iPhoneSimulator.Build.0 = Debug|Any CPU
		{1A63E2AE-3332-45EC-8043-61E7EE2BDC0B}.Debug|iPhoneSimulator.Deploy.0 = Debug|Any CPU
		{1A63E2AE-3332-45EC-8043-61E7EE2BDC0B}.Debug|x64.ActiveCfg = Debug|Any CPU
		{1A63E2AE-3332-45EC-8043-61E7EE2BDC0B}.Debug|x64.Build.0 = Debug|Any CPU
		{1A63E2AE-3332-45EC-8043-61E7EE2BDC0B}.Debug|x64.Deploy.0 = Debug|Any CPU
		{1A63E2AE-3332-45EC-8043-61E7EE2BDC0B}.Debug|x86.ActiveCfg = Debug|Any CPU
		{1A63E2AE-3332-45EC-8043-61E7EE2BDC0B}.Debug|x86.Build.0 = Debug|Any CPU
		{1A63E2AE-3332-45EC-8043-61E7EE2BDC0B}.Debug|x86.Deploy.0 = Debug|Any CPU
		{1A63E2AE-3332-45EC-8043-61E7EE2BDC0B}.Release|Any CPU.ActiveCfg = Release|Any CPU
		{1A63E2AE-3332-45EC-8043-61E7EE2BDC0B}.Release|Any CPU.Build.0 = Release|Any CPU
		{1A63E2AE-3332-45EC-8043-61E7EE2BDC0B}.Release|Any CPU.Deploy.0 = Release|Any CPU
		{1A63E2AE-3332-45EC-8043-61E7EE2BDC0B}.Release|ARM.ActiveCfg = Release|Any CPU
		{1A63E2AE-3332-45EC-8043-61E7EE2BDC0B}.Release|ARM.Build.0 = Release|Any CPU
		{1A63E2AE-3332-45EC-8043-61E7EE2BDC0B}.Release|ARM.Deploy.0 = Release|Any CPU
		{1A63E2AE-3332-45EC-8043-61E7EE2BDC0B}.Release|iPhone.ActiveCfg = Release|Any CPU
		{1A63E2AE-3332-45EC-8043-61E7EE2BDC0B}.Release|iPhone.Build.0 = Release|Any CPU
		{1A63E2AE-3332-45EC-8043-61E7EE2BDC0B}.Release|iPhone.Deploy.0 = Release|Any CPU
		{1A63E2AE-3332-45EC-8043-61E7EE2BDC0B}.Release|iPhoneSimulator.ActiveCfg = Release|Any CPU
		{1A63E2AE-3332-45EC-8043-61E7EE2BDC0B}.Release|iPhoneSimulator.Build.0 = Release|Any CPU
		{1A63E2AE-3332-45EC-8043-61E7EE2BDC0B}.Release|iPhoneSimulator.Deploy.0 = Release|Any CPU
		{1A63E2AE-3332-45EC-8043-61E7EE2BDC0B}.Release|x64.ActiveCfg = Release|Any CPU
		{1A63E2AE-3332-45EC-8043-61E7EE2BDC0B}.Release|x64.Build.0 = Release|Any CPU
		{1A63E2AE-3332-45EC-8043-61E7EE2BDC0B}.Release|x64.Deploy.0 = Release|Any CPU
		{1A63E2AE-3332-45EC-8043-61E7EE2BDC0B}.Release|x86.ActiveCfg = Release|Any CPU
		{1A63E2AE-3332-45EC-8043-61E7EE2BDC0B}.Release|x86.Build.0 = Release|Any CPU
		{1A63E2AE-3332-45EC-8043-61E7EE2BDC0B}.Release|x86.Deploy.0 = Release|Any CPU
	EndGlobalSection
	GlobalSection(SolutionProperties) = preSolution
		HideSolutionNode = FALSE
	EndGlobalSection
	GlobalSection(ExtensibilityGlobals) = postSolution
		SolutionGuid = {E9277CC4-5E66-467D-9FF1-8AFC6FEBD9E8}
	EndGlobalSection
EndGlobal
